{
  "requires": true,
  "lockfileVersion": 1,
  "dependencies": {
    "js-datepicker": {
      "version": "5.2.1",
      "resolved": "https://registry.npmjs.org/js-datepicker/-/js-datepicker-5.2.1.tgz",
      "integrity": "sha512-lkXhST7AXkkZyUrKNFu08O1djQDIqf0NXbFVJawryVBGwV8YK6bFGBcdzZnWThCW16jAvwo1jA+2FTu437WI6Q=="
    },
    "sweetalert2": {
      "version": "9.5.4",
      "resolved": "https://registry.npmjs.org/sweetalert2/-/sweetalert2-9.5.4.tgz",
      "integrity": "sha512-9FSmW9mCbRTHyx6Nbtgeb5348pJYNGaBafn3reKe/Zx/gOBgxsRVHj3GQ4VusU/tuqDobKAIHUdUvNdsU3MXPQ=="
    }
  }
}
